// !$*UTF8*$!
{
	archiveVersion = 1;
	classes = {
	};
	objectVersion = 46;
	objects = {

/* Begin PBXBuildFile section */
		030D00231BC5F96C00D5756A /* AppDelegate.swift in Sources */ = {isa = PBXBuildFile; fileRef = 030D00221BC5F96C00D5756A /* AppDelegate.swift */; };
		030D00271BC5F96C00D5756A /* GameScene.swift in Sources */ = {isa = PBXBuildFile; fileRef = 030D00261BC5F96C00D5756A /* GameScene.swift */; };
		030D00291BC5F96C00D5756A /* GameViewController.swift in Sources */ = {isa = PBXBuildFile; fileRef = 030D00281BC5F96C00D5756A /* GameViewController.swift */; };
		030D002C1BC5F96C00D5756A /* Main.storyboard in Resources */ = {isa = PBXBuildFile; fileRef = 030D002A1BC5F96C00D5756A /* Main.storyboard */; };
		030D002E1BC5F96C00D5756A /* Assets.xcassets in Resources */ = {isa = PBXBuildFile; fileRef = 030D002D1BC5F96C00D5756A /* Assets.xcassets */; };
		030D00311BC5F96C00D5756A /* LaunchScreen.storyboard in Resources */ = {isa = PBXBuildFile; fileRef = 030D002F1BC5F96C00D5756A /* LaunchScreen.storyboard */; };
		030D003C1BC5F96C00D5756A /* StrifeTests.swift in Sources */ = {isa = PBXBuildFile; fileRef = 030D003B1BC5F96C00D5756A /* StrifeTests.swift */; };
		030D00471BC5F96C00D5756A /* StrifeUITests.swift in Sources */ = {isa = PBXBuildFile; fileRef = 030D00461BC5F96C00D5756A /* StrifeUITests.swift */; };
		030D00571BC5F98E00D5756A /* GameComponent.swift in Sources */ = {isa = PBXBuildFile; fileRef = 030D00561BC5F98E00D5756A /* GameComponent.swift */; settings = {ASSET_TAGS = (); }; };
		030D005A1BC5F9D600D5756A /* Battle.swift in Sources */ = {isa = PBXBuildFile; fileRef = 030D00591BC5F9D600D5756A /* Battle.swift */; settings = {ASSET_TAGS = (); }; };
		030D005F1BC5FB9A00D5756A /* Piece.swift in Sources */ = {isa = PBXBuildFile; fileRef = 030D005E1BC5FB9A00D5756A /* Piece.swift */; settings = {ASSET_TAGS = (); }; };
		030D00631BC6024E00D5756A /* PieceSpec.swift in Sources */ = {isa = PBXBuildFile; fileRef = 030D00621BC6024E00D5756A /* PieceSpec.swift */; settings = {ASSET_TAGS = (); }; };
		030D00671BC613A500D5756A /* Siren.bundle in Resources */ = {isa = PBXBuildFile; fileRef = 030D00651BC613A500D5756A /* Siren.bundle */; settings = {ASSET_TAGS = (); }; };
		030D00681BC613A500D5756A /* Siren.swift in Sources */ = {isa = PBXBuildFile; fileRef = 030D00661BC613A500D5756A /* Siren.swift */; settings = {ASSET_TAGS = (); }; };
		030D006D1BC6144F00D5756A /* Nimble.framework in Frameworks */ = {isa = PBXBuildFile; fileRef = 030D006B1BC6144F00D5756A /* Nimble.framework */; };
		030D006E1BC6144F00D5756A /* Quick.framework in Frameworks */ = {isa = PBXBuildFile; fileRef = 030D006C1BC6144F00D5756A /* Quick.framework */; };
		030D00721BC615AA00D5756A /* Board.swift in Sources */ = {isa = PBXBuildFile; fileRef = 030D00711BC615AA00D5756A /* Board.swift */; settings = {ASSET_TAGS = (); }; };
		030D00751BC6162000D5756A /* Array2D.swift in Sources */ = {isa = PBXBuildFile; fileRef = 030D00741BC6162000D5756A /* Array2D.swift */; settings = {ASSET_TAGS = (); }; };
		030D00781BC6194100D5756A /* Array+Shuffle.swift in Sources */ = {isa = PBXBuildFile; fileRef = 030D00771BC6194100D5756A /* Array+Shuffle.swift */; settings = {ASSET_TAGS = (); }; };
		030D007A1BC61CFA00D5756A /* BoardMove.swift in Sources */ = {isa = PBXBuildFile; fileRef = 030D00791BC61CFA00D5756A /* BoardMove.swift */; settings = {ASSET_TAGS = (); }; };
		030D007C1BC61DA100D5756A /* MatchChain.swift in Sources */ = {isa = PBXBuildFile; fileRef = 030D007B1BC61DA100D5756A /* MatchChain.swift */; settings = {ASSET_TAGS = (); }; };
		030D007F1BC61F2400D5756A /* BoardNode.swift in Sources */ = {isa = PBXBuildFile; fileRef = 030D007E1BC61F2400D5756A /* BoardNode.swift */; settings = {ASSET_TAGS = (); }; };
		0350C61E1BC635AD00091A3D /* Pieces.atlas in Resources */ = {isa = PBXBuildFile; fileRef = 0350C61D1BC635AD00091A3D /* Pieces.atlas */; settings = {ASSET_TAGS = (); }; };
		0350C6231BC635EA00091A3D /* backdrop.png in Resources */ = {isa = PBXBuildFile; fileRef = 0350C61F1BC635EA00091A3D /* backdrop.png */; settings = {ASSET_TAGS = (); }; };
		0350C6241BC635EA00091A3D /* selection-indicator.png in Resources */ = {isa = PBXBuildFile; fileRef = 0350C6201BC635EA00091A3D /* selection-indicator.png */; settings = {ASSET_TAGS = (); }; };
		0350C6251BC635EA00091A3D /* selection-indicator@2x.png in Resources */ = {isa = PBXBuildFile; fileRef = 0350C6211BC635EA00091A3D /* selection-indicator@2x.png */; settings = {ASSET_TAGS = (); }; };
		0350C6261BC635EA00091A3D /* selection-indicator@3x.png in Resources */ = {isa = PBXBuildFile; fileRef = 0350C6221BC635EA00091A3D /* selection-indicator@3x.png */; settings = {ASSET_TAGS = (); }; };
/* End PBXBuildFile section */

/* Begin PBXContainerItemProxy section */
		030D00381BC5F96C00D5756A /* PBXContainerItemProxy */ = {
			isa = PBXContainerItemProxy;
			containerPortal = 030D00171BC5F96C00D5756A /* Project object */;
			proxyType = 1;
			remoteGlobalIDString = 030D001E1BC5F96C00D5756A;
			remoteInfo = Strife;
		};
		030D00431BC5F96C00D5756A /* PBXContainerItemProxy */ = {
			isa = PBXContainerItemProxy;
			containerPortal = 030D00171BC5F96C00D5756A /* Project object */;
			proxyType = 1;
			remoteGlobalIDString = 030D001E1BC5F96C00D5756A;
			remoteInfo = Strife;
		};
/* End PBXContainerItemProxy section */

/* Begin PBXFileReference section */
		030D001F1BC5F96C00D5756A /* Strife.app */ = {isa = PBXFileReference; explicitFileType = wrapper.application; includeInIndex = 0; path = Strife.app; sourceTree = BUILT_PRODUCTS_DIR; };
		030D00221BC5F96C00D5756A /* AppDelegate.swift */ = {isa = PBXFileReference; lastKnownFileType = sourcecode.swift; path = AppDelegate.swift; sourceTree = "<group>"; };
		030D00261BC5F96C00D5756A /* GameScene.swift */ = {isa = PBXFileReference; lastKnownFileType = sourcecode.swift; path = GameScene.swift; sourceTree = "<group>"; };
		030D00281BC5F96C00D5756A /* GameViewController.swift */ = {isa = PBXFileReference; lastKnownFileType = sourcecode.swift; path = GameViewController.swift; sourceTree = "<group>"; };
		030D002B1BC5F96C00D5756A /* Base */ = {isa = PBXFileReference; lastKnownFileType = file.storyboard; name = Base; path = Base.lproj/Main.storyboard; sourceTree = "<group>"; };
		030D002D1BC5F96C00D5756A /* Assets.xcassets */ = {isa = PBXFileReference; lastKnownFileType = folder.assetcatalog; path = Assets.xcassets; sourceTree = "<group>"; };
		030D00301BC5F96C00D5756A /* Base */ = {isa = PBXFileReference; lastKnownFileType = file.storyboard; name = Base; path = Base.lproj/LaunchScreen.storyboard; sourceTree = "<group>"; };
		030D00321BC5F96C00D5756A /* Info.plist */ = {isa = PBXFileReference; lastKnownFileType = text.plist.xml; path = Info.plist; sourceTree = "<group>"; };
		030D00371BC5F96C00D5756A /* StrifeTests.xctest */ = {isa = PBXFileReference; explicitFileType = wrapper.cfbundle; includeInIndex = 0; path = StrifeTests.xctest; sourceTree = BUILT_PRODUCTS_DIR; };
		030D003B1BC5F96C00D5756A /* StrifeTests.swift */ = {isa = PBXFileReference; lastKnownFileType = sourcecode.swift; path = StrifeTests.swift; sourceTree = "<group>"; };
		030D003D1BC5F96C00D5756A /* Info.plist */ = {isa = PBXFileReference; lastKnownFileType = text.plist.xml; path = Info.plist; sourceTree = "<group>"; };
		030D00421BC5F96C00D5756A /* StrifeUITests.xctest */ = {isa = PBXFileReference; explicitFileType = wrapper.cfbundle; includeInIndex = 0; path = StrifeUITests.xctest; sourceTree = BUILT_PRODUCTS_DIR; };
		030D00461BC5F96C00D5756A /* StrifeUITests.swift */ = {isa = PBXFileReference; lastKnownFileType = sourcecode.swift; path = StrifeUITests.swift; sourceTree = "<group>"; };
		030D00481BC5F96C00D5756A /* Info.plist */ = {isa = PBXFileReference; lastKnownFileType = text.plist.xml; path = Info.plist; sourceTree = "<group>"; };
		030D00561BC5F98E00D5756A /* GameComponent.swift */ = {isa = PBXFileReference; fileEncoding = 4; lastKnownFileType = sourcecode.swift; path = GameComponent.swift; sourceTree = "<group>"; };
		030D00591BC5F9D600D5756A /* Battle.swift */ = {isa = PBXFileReference; fileEncoding = 4; lastKnownFileType = sourcecode.swift; path = Battle.swift; sourceTree = "<group>"; };
		030D005E1BC5FB9A00D5756A /* Piece.swift */ = {isa = PBXFileReference; fileEncoding = 4; lastKnownFileType = sourcecode.swift; path = Piece.swift; sourceTree = "<group>"; };
		030D00621BC6024E00D5756A /* PieceSpec.swift */ = {isa = PBXFileReference; fileEncoding = 4; lastKnownFileType = sourcecode.swift; path = PieceSpec.swift; sourceTree = "<group>"; };
		030D00651BC613A500D5756A /* Siren.bundle */ = {isa = PBXFileReference; lastKnownFileType = "wrapper.plug-in"; path = Siren.bundle; sourceTree = "<group>"; };
		030D00661BC613A500D5756A /* Siren.swift */ = {isa = PBXFileReference; fileEncoding = 4; lastKnownFileType = sourcecode.swift; path = Siren.swift; sourceTree = "<group>"; };
		030D006B1BC6144F00D5756A /* Nimble.framework */ = {isa = PBXFileReference; lastKnownFileType = wrapper.framework; name = Nimble.framework; path = Carthage/Build/iOS/Nimble.framework; sourceTree = "<group>"; };
		030D006C1BC6144F00D5756A /* Quick.framework */ = {isa = PBXFileReference; lastKnownFileType = wrapper.framework; name = Quick.framework; path = Carthage/Build/iOS/Quick.framework; sourceTree = "<group>"; };
		030D00711BC615AA00D5756A /* Board.swift */ = {isa = PBXFileReference; fileEncoding = 4; lastKnownFileType = sourcecode.swift; path = Board.swift; sourceTree = "<group>"; };
		030D00741BC6162000D5756A /* Array2D.swift */ = {isa = PBXFileReference; fileEncoding = 4; lastKnownFileType = sourcecode.swift; path = Array2D.swift; sourceTree = "<group>"; };
		030D00771BC6194100D5756A /* Array+Shuffle.swift */ = {isa = PBXFileReference; fileEncoding = 4; lastKnownFileType = sourcecode.swift; path = "Array+Shuffle.swift"; sourceTree = "<group>"; };
		030D00791BC61CFA00D5756A /* BoardMove.swift */ = {isa = PBXFileReference; fileEncoding = 4; lastKnownFileType = sourcecode.swift; path = BoardMove.swift; sourceTree = "<group>"; };
		030D007B1BC61DA100D5756A /* MatchChain.swift */ = {isa = PBXFileReference; fileEncoding = 4; lastKnownFileType = sourcecode.swift; path = MatchChain.swift; sourceTree = "<group>"; };
		030D007E1BC61F2400D5756A /* BoardNode.swift */ = {isa = PBXFileReference; fileEncoding = 4; lastKnownFileType = sourcecode.swift; path = BoardNode.swift; sourceTree = "<group>"; };
		0350C61D1BC635AD00091A3D /* Pieces.atlas */ = {isa = PBXFileReference; lastKnownFileType = folder.skatlas; path = Pieces.atlas; sourceTree = "<group>"; };
		0350C61F1BC635EA00091A3D /* backdrop.png */ = {isa = PBXFileReference; lastKnownFileType = image.png; path = backdrop.png; sourceTree = "<group>"; };
		0350C6201BC635EA00091A3D /* selection-indicator.png */ = {isa = PBXFileReference; lastKnownFileType = image.png; path = "selection-indicator.png"; sourceTree = "<group>"; };
		0350C6211BC635EA00091A3D /* selection-indicator@2x.png */ = {isa = PBXFileReference; lastKnownFileType = image.png; path = "selection-indicator@2x.png"; sourceTree = "<group>"; };
		0350C6221BC635EA00091A3D /* selection-indicator@3x.png */ = {isa = PBXFileReference; lastKnownFileType = image.png; path = "selection-indicator@3x.png"; sourceTree = "<group>"; };
/* End PBXFileReference section */

/* Begin PBXFrameworksBuildPhase section */
		030D001C1BC5F96C00D5756A /* Frameworks */ = {
			isa = PBXFrameworksBuildPhase;
			buildActionMask = 2147483647;
			files = (
			);
			runOnlyForDeploymentPostprocessing = 0;
		};
		030D00341BC5F96C00D5756A /* Frameworks */ = {
			isa = PBXFrameworksBuildPhase;
			buildActionMask = 2147483647;
			files = (
				030D006D1BC6144F00D5756A /* Nimble.framework in Frameworks */,
				030D006E1BC6144F00D5756A /* Quick.framework in Frameworks */,
			);
			runOnlyForDeploymentPostprocessing = 0;
		};
		030D003F1BC5F96C00D5756A /* Frameworks */ = {
			isa = PBXFrameworksBuildPhase;
			buildActionMask = 2147483647;
			files = (
			);
			runOnlyForDeploymentPostprocessing = 0;
		};
/* End PBXFrameworksBuildPhase section */

/* Begin PBXGroup section */
		030D00161BC5F96C00D5756A = {
			isa = PBXGroup;
			children = (
				030D00211BC5F96C00D5756A /* Strife */,
				030D003A1BC5F96C00D5756A /* StrifeTests */,
				030D00451BC5F96C00D5756A /* StrifeUITests */,
				030D00201BC5F96C00D5756A /* Products */,
			);
			sourceTree = "<group>";
		};
		030D00201BC5F96C00D5756A /* Products */ = {
			isa = PBXGroup;
			children = (
				030D001F1BC5F96C00D5756A /* Strife.app */,
				030D00371BC5F96C00D5756A /* StrifeTests.xctest */,
				030D00421BC5F96C00D5756A /* StrifeUITests.xctest */,
			);
			name = Products;
			sourceTree = "<group>";
		};
		030D00211BC5F96C00D5756A /* Strife */ = {
			isa = PBXGroup;
			children = (
				0350C61C1BC6359D00091A3D /* Assets */,
				030D00731BC6161800D5756A /* Core */,
				030D00541BC5F97200D5756A /* Components */,
				030D007D1BC61F1400D5756A /* Nodes */,
				030D00221BC5F96C00D5756A /* AppDelegate.swift */,
				030D00261BC5F96C00D5756A /* GameScene.swift */,
				030D00281BC5F96C00D5756A /* GameViewController.swift */,
				030D002A1BC5F96C00D5756A /* Main.storyboard */,
				030D006A1BC6143700D5756A /* Support */,
			);
			path = Strife;
			sourceTree = "<group>";
		};
		030D003A1BC5F96C00D5756A /* StrifeTests */ = {
			isa = PBXGroup;
			children = (
				030D00601BC6016A00D5756A /* Components */,
				030D003B1BC5F96C00D5756A /* StrifeTests.swift */,
				030D003D1BC5F96C00D5756A /* Info.plist */,
				030D006F1BC6145300D5756A /* Frameworks */,
			);
			path = StrifeTests;
			sourceTree = "<group>";
		};
		030D00451BC5F96C00D5756A /* StrifeUITests */ = {
			isa = PBXGroup;
			children = (
				030D00461BC5F96C00D5756A /* StrifeUITests.swift */,
				030D00481BC5F96C00D5756A /* Info.plist */,
			);
			path = StrifeUITests;
			sourceTree = "<group>";
		};
		030D00541BC5F97200D5756A /* Components */ = {
			isa = PBXGroup;
			children = (
				030D005D1BC5FB9100D5756A /* Board */,
				030D00561BC5F98E00D5756A /* GameComponent.swift */,
				030D00591BC5F9D600D5756A /* Battle.swift */,
			);
			name = Components;
			sourceTree = "<group>";
		};
		030D005D1BC5FB9100D5756A /* Board */ = {
			isa = PBXGroup;
			children = (
				030D005E1BC5FB9A00D5756A /* Piece.swift */,
				030D00711BC615AA00D5756A /* Board.swift */,
				030D00791BC61CFA00D5756A /* BoardMove.swift */,
				030D007B1BC61DA100D5756A /* MatchChain.swift */,
			);
			name = Board;
			sourceTree = "<group>";
		};
		030D00601BC6016A00D5756A /* Components */ = {
			isa = PBXGroup;
			children = (
				030D00611BC6016F00D5756A /* Board */,
			);
			name = Components;
			sourceTree = "<group>";
		};
		030D00611BC6016F00D5756A /* Board */ = {
			isa = PBXGroup;
			children = (
				030D00621BC6024E00D5756A /* PieceSpec.swift */,
			);
			name = Board;
			sourceTree = "<group>";
		};
		030D00641BC613A500D5756A /* Siren */ = {
			isa = PBXGroup;
			children = (
				030D00651BC613A500D5756A /* Siren.bundle */,
				030D00661BC613A500D5756A /* Siren.swift */,
			);
			path = Siren;
			sourceTree = "<group>";
		};
		030D00691BC613A700D5756A /* Vendor */ = {
			isa = PBXGroup;
			children = (
				030D00641BC613A500D5756A /* Siren */,
			);
			name = Vendor;
			sourceTree = "<group>";
		};
		030D006A1BC6143700D5756A /* Support */ = {
			isa = PBXGroup;
			children = (
				030D002D1BC5F96C00D5756A /* Assets.xcassets */,
				030D002F1BC5F96C00D5756A /* LaunchScreen.storyboard */,
				030D00321BC5F96C00D5756A /* Info.plist */,
				030D00691BC613A700D5756A /* Vendor */,
			);
			name = Support;
			sourceTree = "<group>";
		};
		030D006F1BC6145300D5756A /* Frameworks */ = {
			isa = PBXGroup;
			children = (
				030D006B1BC6144F00D5756A /* Nimble.framework */,
				030D006C1BC6144F00D5756A /* Quick.framework */,
			);
			name = Frameworks;
			path = ..;
			sourceTree = "<group>";
		};
		030D00731BC6161800D5756A /* Core */ = {
			isa = PBXGroup;
			children = (
				030D00761BC6193800D5756A /* Extensions */,
				030D00741BC6162000D5756A /* Array2D.swift */,
			);
			name = Core;
			sourceTree = "<group>";
		};
		030D00761BC6193800D5756A /* Extensions */ = {
			isa = PBXGroup;
			children = (
				030D00771BC6194100D5756A /* Array+Shuffle.swift */,
			);
			name = Extensions;
			sourceTree = "<group>";
		};
		030D007D1BC61F1400D5756A /* Nodes */ = {
			isa = PBXGroup;
			children = (
				030D007E1BC61F2400D5756A /* BoardNode.swift */,
			);
			name = Nodes;
			sourceTree = "<group>";
		};
		0350C61C1BC6359D00091A3D /* Assets */ = {
			isa = PBXGroup;
			children = (
				0350C61F1BC635EA00091A3D /* backdrop.png */,
				0350C6201BC635EA00091A3D /* selection-indicator.png */,
				0350C6211BC635EA00091A3D /* selection-indicator@2x.png */,
				0350C6221BC635EA00091A3D /* selection-indicator@3x.png */,
				0350C61D1BC635AD00091A3D /* Pieces.atlas */,
			);
			name = Assets;
			sourceTree = "<group>";
		};
/* End PBXGroup section */

/* Begin PBXNativeTarget section */
		030D001E1BC5F96C00D5756A /* Strife */ = {
			isa = PBXNativeTarget;
			buildConfigurationList = 030D004B1BC5F96C00D5756A /* Build configuration list for PBXNativeTarget "Strife" */;
			buildPhases = (
				030D001B1BC5F96C00D5756A /* Sources */,
				030D001C1BC5F96C00D5756A /* Frameworks */,
				030D001D1BC5F96C00D5756A /* Resources */,
			);
			buildRules = (
			);
			dependencies = (
			);
			name = Strife;
			productName = Strife;
			productReference = 030D001F1BC5F96C00D5756A /* Strife.app */;
			productType = "com.apple.product-type.application";
		};
		030D00361BC5F96C00D5756A /* StrifeTests */ = {
			isa = PBXNativeTarget;
			buildConfigurationList = 030D004E1BC5F96C00D5756A /* Build configuration list for PBXNativeTarget "StrifeTests" */;
			buildPhases = (
				030D00331BC5F96C00D5756A /* Sources */,
				030D00341BC5F96C00D5756A /* Frameworks */,
				030D00351BC5F96C00D5756A /* Resources */,
				030D00701BC614F100D5756A /* Carthage Copy */,
			);
			buildRules = (
			);
			dependencies = (
				030D00391BC5F96C00D5756A /* PBXTargetDependency */,
			);
			name = StrifeTests;
			productName = StrifeTests;
			productReference = 030D00371BC5F96C00D5756A /* StrifeTests.xctest */;
			productType = "com.apple.product-type.bundle.unit-test";
		};
		030D00411BC5F96C00D5756A /* StrifeUITests */ = {
			isa = PBXNativeTarget;
			buildConfigurationList = 030D00511BC5F96C00D5756A /* Build configuration list for PBXNativeTarget "StrifeUITests" */;
			buildPhases = (
				030D003E1BC5F96C00D5756A /* Sources */,
				030D003F1BC5F96C00D5756A /* Frameworks */,
				030D00401BC5F96C00D5756A /* Resources */,
			);
			buildRules = (
			);
			dependencies = (
				030D00441BC5F96C00D5756A /* PBXTargetDependency */,
			);
			name = StrifeUITests;
			productName = StrifeUITests;
			productReference = 030D00421BC5F96C00D5756A /* StrifeUITests.xctest */;
			productType = "com.apple.product-type.bundle.ui-testing";
		};
/* End PBXNativeTarget section */

/* Begin PBXProject section */
		030D00171BC5F96C00D5756A /* Project object */ = {
			isa = PBXProject;
			attributes = {
				LastUpgradeCheck = 0700;
				ORGANIZATIONNAME = sizeof.io;
				TargetAttributes = {
					030D001E1BC5F96C00D5756A = {
						CreatedOnToolsVersion = 7.0.1;
					};
					030D00361BC5F96C00D5756A = {
						CreatedOnToolsVersion = 7.0.1;
						TestTargetID = 030D001E1BC5F96C00D5756A;
					};
					030D00411BC5F96C00D5756A = {
						CreatedOnToolsVersion = 7.0.1;
						TestTargetID = 030D001E1BC5F96C00D5756A;
					};
				};
			};
			buildConfigurationList = 030D001A1BC5F96C00D5756A /* Build configuration list for PBXProject "Strife" */;
			compatibilityVersion = "Xcode 3.2";
			developmentRegion = English;
			hasScannedForEncodings = 0;
			knownRegions = (
				en,
				Base,
			);
			mainGroup = 030D00161BC5F96C00D5756A;
			productRefGroup = 030D00201BC5F96C00D5756A /* Products */;
			projectDirPath = "";
			projectRoot = "";
			targets = (
				030D001E1BC5F96C00D5756A /* Strife */,
				030D00361BC5F96C00D5756A /* StrifeTests */,
				030D00411BC5F96C00D5756A /* StrifeUITests */,
			);
		};
/* End PBXProject section */

/* Begin PBXResourcesBuildPhase section */
		030D001D1BC5F96C00D5756A /* Resources */ = {
			isa = PBXResourcesBuildPhase;
			buildActionMask = 2147483647;
			files = (
				0350C61E1BC635AD00091A3D /* Pieces.atlas in Resources */,
				0350C6261BC635EA00091A3D /* selection-indicator@3x.png in Resources */,
				0350C6241BC635EA00091A3D /* selection-indicator.png in Resources */,
				030D00671BC613A500D5756A /* Siren.bundle in Resources */,
				030D00311BC5F96C00D5756A /* LaunchScreen.storyboard in Resources */,
				030D002E1BC5F96C00D5756A /* Assets.xcassets in Resources */,
				0350C6231BC635EA00091A3D /* backdrop.png in Resources */,
				0350C6251BC635EA00091A3D /* selection-indicator@2x.png in Resources */,
				030D002C1BC5F96C00D5756A /* Main.storyboard in Resources */,
			);
			runOnlyForDeploymentPostprocessing = 0;
		};
		030D00351BC5F96C00D5756A /* Resources */ = {
			isa = PBXResourcesBuildPhase;
			buildActionMask = 2147483647;
			files = (
			);
			runOnlyForDeploymentPostprocessing = 0;
		};
		030D00401BC5F96C00D5756A /* Resources */ = {
			isa = PBXResourcesBuildPhase;
			buildActionMask = 2147483647;
			files = (
			);
			runOnlyForDeploymentPostprocessing = 0;
		};
/* End PBXResourcesBuildPhase section */

/* Begin PBXShellScriptBuildPhase section */
		030D00701BC614F100D5756A /* Carthage Copy */ = {
			isa = PBXShellScriptBuildPhase;
			buildActionMask = 2147483647;
			files = (
			);
			inputPaths = (
				"$(SRCROOT)/Carthage/Build/iOS/Quick.framework",
				"$(SRCROOT)/Carthage/Build/iOS/Nimble.framework",
			);
			name = "Carthage Copy";
			outputPaths = (
			);
			runOnlyForDeploymentPostprocessing = 0;
			shellPath = /bin/sh;
			shellScript = "/usr/local/bin/carthage copy-frameworks";
		};
/* End PBXShellScriptBuildPhase section */

/* Begin PBXSourcesBuildPhase section */
		030D001B1BC5F96C00D5756A /* Sources */ = {
			isa = PBXSourcesBuildPhase;
			buildActionMask = 2147483647;
			files = (
				030D00681BC613A500D5756A /* Siren.swift in Sources */,
				030D007A1BC61CFA00D5756A /* BoardMove.swift in Sources */,
				030D00751BC6162000D5756A /* Array2D.swift in Sources */,
				030D00271BC5F96C00D5756A /* GameScene.swift in Sources */,
				030D007F1BC61F2400D5756A /* BoardNode.swift in Sources */,
				030D00781BC6194100D5756A /* Array+Shuffle.swift in Sources */,
				030D00291BC5F96C00D5756A /* GameViewController.swift in Sources */,
				030D005F1BC5FB9A00D5756A /* Piece.swift in Sources */,
				030D00231BC5F96C00D5756A /* AppDelegate.swift in Sources */,
				030D005A1BC5F9D600D5756A /* Battle.swift in Sources */,
				030D00721BC615AA00D5756A /* Board.swift in Sources */,
				030D00571BC5F98E00D5756A /* GameComponent.swift in Sources */,
				030D007C1BC61DA100D5756A /* MatchChain.swift in Sources */,
			);
			runOnlyForDeploymentPostprocessing = 0;
		};
		030D00331BC5F96C00D5756A /* Sources */ = {
			isa = PBXSourcesBuildPhase;
			buildActionMask = 2147483647;
			files = (
				030D003C1BC5F96C00D5756A /* StrifeTests.swift in Sources */,
				030D00631BC6024E00D5756A /* PieceSpec.swift in Sources */,
			);
			runOnlyForDeploymentPostprocessing = 0;
		};
		030D003E1BC5F96C00D5756A /* Sources */ = {
			isa = PBXSourcesBuildPhase;
			buildActionMask = 2147483647;
			files = (
				030D00471BC5F96C00D5756A /* StrifeUITests.swift in Sources */,
			);
			runOnlyForDeploymentPostprocessing = 0;
		};
/* End PBXSourcesBuildPhase section */

/* Begin PBXTargetDependency section */
		030D00391BC5F96C00D5756A /* PBXTargetDependency */ = {
			isa = PBXTargetDependency;
			target = 030D001E1BC5F96C00D5756A /* Strife */;
			targetProxy = 030D00381BC5F96C00D5756A /* PBXContainerItemProxy */;
		};
		030D00441BC5F96C00D5756A /* PBXTargetDependency */ = {
			isa = PBXTargetDependency;
			target = 030D001E1BC5F96C00D5756A /* Strife */;
			targetProxy = 030D00431BC5F96C00D5756A /* PBXContainerItemProxy */;
		};
/* End PBXTargetDependency section */

/* Begin PBXVariantGroup section */
		030D002A1BC5F96C00D5756A /* Main.storyboard */ = {
			isa = PBXVariantGroup;
			children = (
				030D002B1BC5F96C00D5756A /* Base */,
			);
			name = Main.storyboard;
			sourceTree = "<group>";
		};
		030D002F1BC5F96C00D5756A /* LaunchScreen.storyboard */ = {
			isa = PBXVariantGroup;
			children = (
				030D00301BC5F96C00D5756A /* Base */,
			);
			name = LaunchScreen.storyboard;
			sourceTree = "<group>";
		};
/* End PBXVariantGroup section */

/* Begin XCBuildConfiguration section */
		030D00491BC5F96C00D5756A /* Debug */ = {
			isa = XCBuildConfiguration;
			buildSettings = {
				ALWAYS_SEARCH_USER_PATHS = NO;
				CLANG_CXX_LANGUAGE_STANDARD = "gnu++0x";
				CLANG_CXX_LIBRARY = "libc++";
				CLANG_ENABLE_MODULES = YES;
				CLANG_ENABLE_OBJC_ARC = YES;
				CLANG_WARN_BOOL_CONVERSION = YES;
				CLANG_WARN_CONSTANT_CONVERSION = YES;
				CLANG_WARN_DIRECT_OBJC_ISA_USAGE = YES_ERROR;
				CLANG_WARN_EMPTY_BODY = YES;
				CLANG_WARN_ENUM_CONVERSION = YES;
				CLANG_WARN_INT_CONVERSION = YES;
				CLANG_WARN_OBJC_ROOT_CLASS = YES_ERROR;
				CLANG_WARN_UNREACHABLE_CODE = YES;
				CLANG_WARN__DUPLICATE_METHOD_MATCH = YES;
				"CODE_SIGN_IDENTITY[sdk=iphoneos*]" = "iPhone Developer";
				COPY_PHASE_STRIP = NO;
				DEBUG_INFORMATION_FORMAT = "dwarf-with-dsym";
				ENABLE_STRICT_OBJC_MSGSEND = YES;
				ENABLE_TESTABILITY = YES;
				GCC_C_LANGUAGE_STANDARD = gnu99;
				GCC_DYNAMIC_NO_PIC = NO;
				GCC_NO_COMMON_BLOCKS = YES;
				GCC_OPTIMIZATION_LEVEL = 0;
				GCC_PREPROCESSOR_DEFINITIONS = (
					"DEBUG=1",
					"$(inherited)",
				);
				GCC_WARN_64_TO_32_BIT_CONVERSION = YES;
				GCC_WARN_ABOUT_RETURN_TYPE = YES_ERROR;
				GCC_WARN_UNDECLARED_SELECTOR = YES;
				GCC_WARN_UNINITIALIZED_AUTOS = YES_AGGRESSIVE;
				GCC_WARN_UNUSED_FUNCTION = YES;
				GCC_WARN_UNUSED_VARIABLE = YES;
				IPHONEOS_DEPLOYMENT_TARGET = 9.0;
				MTL_ENABLE_DEBUG_INFO = YES;
				ONLY_ACTIVE_ARCH = YES;
				SDKROOT = iphoneos;
				SWIFT_OPTIMIZATION_LEVEL = "-Onone";
			};
			name = Debug;
		};
		030D004A1BC5F96C00D5756A /* Release */ = {
			isa = XCBuildConfiguration;
			buildSettings = {
				ALWAYS_SEARCH_USER_PATHS = NO;
				CLANG_CXX_LANGUAGE_STANDARD = "gnu++0x";
				CLANG_CXX_LIBRARY = "libc++";
				CLANG_ENABLE_MODULES = YES;
				CLANG_ENABLE_OBJC_ARC = YES;
				CLANG_WARN_BOOL_CONVERSION = YES;
				CLANG_WARN_CONSTANT_CONVERSION = YES;
				CLANG_WARN_DIRECT_OBJC_ISA_USAGE = YES_ERROR;
				CLANG_WARN_EMPTY_BODY = YES;
				CLANG_WARN_ENUM_CONVERSION = YES;
				CLANG_WARN_INT_CONVERSION = YES;
				CLANG_WARN_OBJC_ROOT_CLASS = YES_ERROR;
				CLANG_WARN_UNREACHABLE_CODE = YES;
				CLANG_WARN__DUPLICATE_METHOD_MATCH = YES;
				"CODE_SIGN_IDENTITY[sdk=iphoneos*]" = "iPhone Developer";
				COPY_PHASE_STRIP = NO;
				DEBUG_INFORMATION_FORMAT = "dwarf-with-dsym";
				ENABLE_NS_ASSERTIONS = NO;
				ENABLE_STRICT_OBJC_MSGSEND = YES;
				GCC_C_LANGUAGE_STANDARD = gnu99;
				GCC_NO_COMMON_BLOCKS = YES;
				GCC_WARN_64_TO_32_BIT_CONVERSION = YES;
				GCC_WARN_ABOUT_RETURN_TYPE = YES_ERROR;
				GCC_WARN_UNDECLARED_SELECTOR = YES;
				GCC_WARN_UNINITIALIZED_AUTOS = YES_AGGRESSIVE;
				GCC_WARN_UNUSED_FUNCTION = YES;
				GCC_WARN_UNUSED_VARIABLE = YES;
				IPHONEOS_DEPLOYMENT_TARGET = 9.0;
				MTL_ENABLE_DEBUG_INFO = NO;
				SDKROOT = iphoneos;
				VALIDATE_PRODUCT = YES;
			};
			name = Release;
		};
		030D004C1BC5F96C00D5756A /* Debug */ = {
			isa = XCBuildConfiguration;
			buildSettings = {
				ASSETCATALOG_COMPILER_APPICON_NAME = AppIcon;
				FRAMEWORK_SEARCH_PATHS = "$(PROJECT_DIR)/Carthage/Build/iOS";
				INFOPLIST_FILE = Strife/Info.plist;
				LD_RUNPATH_SEARCH_PATHS = "$(inherited) @executable_path/Frameworks";
				PRODUCT_BUNDLE_IDENTIFIER = io.sizeof.Strife;
				PRODUCT_NAME = "$(TARGET_NAME)";
			};
			name = Debug;
		};
		030D004D1BC5F96C00D5756A /* Release */ = {
			isa = XCBuildConfiguration;
			buildSettings = {
				ASSETCATALOG_COMPILER_APPICON_NAME = AppIcon;
				FRAMEWORK_SEARCH_PATHS = "$(PROJECT_DIR)/Carthage/Build/iOS";
				INFOPLIST_FILE = Strife/Info.plist;
				LD_RUNPATH_SEARCH_PATHS = "$(inherited) @executable_path/Frameworks";
				PRODUCT_BUNDLE_IDENTIFIER = io.sizeof.Strife;
				PRODUCT_NAME = "$(TARGET_NAME)";
			};
			name = Release;
		};
		030D004F1BC5F96C00D5756A /* Debug */ = {
			isa = XCBuildConfiguration;
			buildSettings = {
				BUNDLE_LOADER = "$(TEST_HOST)";
				DEBUG_INFORMATION_FORMAT = dwarf;
				FRAMEWORK_SEARCH_PATHS = (
					"$(inherited)",
					"$(PROJECT_DIR)/Carthage/Build/iOS/**",
				);
				INFOPLIST_FILE = StrifeTests/Info.plist;
				LD_RUNPATH_SEARCH_PATHS = "$(inherited) @executable_path/Frameworks @loader_path/Frameworks";
				PRODUCT_BUNDLE_IDENTIFIER = io.sizeof.StrifeTests;
				PRODUCT_NAME = "$(TARGET_NAME)";
				TEST_HOST = "$(BUILT_PRODUCTS_DIR)/Strife.app/Strife";
			};
			name = Debug;
		};
		030D00501BC5F96C00D5756A /* Release */ = {
			isa = XCBuildConfiguration;
			buildSettings = {
				BUNDLE_LOADER = "$(TEST_HOST)";
				FRAMEWORK_SEARCH_PATHS = (
					"$(inherited)",
					"$(PROJECT_DIR)/Carthage/Build/iOS/**",
				);
				INFOPLIST_FILE = StrifeTests/Info.plist;
				LD_RUNPATH_SEARCH_PATHS = "$(inherited) @executable_path/Frameworks @loader_path/Frameworks";
				PRODUCT_BUNDLE_IDENTIFIER = io.sizeof.StrifeTests;
				PRODUCT_NAME = "$(TARGET_NAME)";
				TEST_HOST = "$(BUILT_PRODUCTS_DIR)/Strife.app/Strife";
			};
			name = Release;
		};
		030D00521BC5F96C00D5756A /* Debug */ = {
			isa = XCBuildConfiguration;
			buildSettings = {
				DEBUG_INFORMATION_FORMAT = dwarf;
				FRAMEWORK_SEARCH_PATHS = "$(PROJECT_DIR)/Carthage/Build/iOS";
				INFOPLIST_FILE = StrifeUITests/Info.plist;
				LD_RUNPATH_SEARCH_PATHS = "$(inherited) @executable_path/Frameworks @loader_path/Frameworks";
				PRODUCT_BUNDLE_IDENTIFIER = io.sizeof.StrifeUITests;
				PRODUCT_NAME = "$(TARGET_NAME)";
				TEST_TARGET_NAME = Strife;
				USES_XCTRUNNER = YES;
			};
			name = Debug;
		};
		030D00531BC5F96C00D5756A /* Release */ = {
			isa = XCBuildConfiguration;
			buildSettings = {
				FRAMEWORK_SEARCH_PATHS = "$(PROJECT_DIR)/Carthage/Build/iOS";
				INFOPLIST_FILE = StrifeUITests/Info.plist;
				LD_RUNPATH_SEARCH_PATHS = "$(inherited) @executable_path/Frameworks @loader_path/Frameworks";
				PRODUCT_BUNDLE_IDENTIFIER = io.sizeof.StrifeUITests;
				PRODUCT_NAME = "$(TARGET_NAME)";
				TEST_TARGET_NAME = Strife;
				USES_XCTRUNNER = YES;
			};
			name = Release;
		};
/* End XCBuildConfiguration section */

/* Begin XCConfigurationList section */
		030D001A1BC5F96C00D5756A /* Build configuration list for PBXProject "Strife" */ = {
			isa = XCConfigurationList;
			buildConfigurations = (
				030D00491BC5F96C00D5756A /* Debug */,
				030D004A1BC5F96C00D5756A /* Release */,
			);
			defaultConfigurationIsVisible = 0;
			defaultConfigurationName = Release;
		};
		030D004B1BC5F96C00D5756A /* Build configuration list for PBXNativeTarget "Strife" */ = {
			isa = XCConfigurationList;
			buildConfigurations = (
				030D004C1BC5F96C00D5756A /* Debug */,
				030D004D1BC5F96C00D5756A /* Release */,
			);
			defaultConfigurationIsVisible = 0;
			defaultConfigurationName = Release;
		};
		030D004E1BC5F96C00D5756A /* Build configuration list for PBXNativeTarget "StrifeTests" */ = {
			isa = XCConfigurationList;
			buildConfigurations = (
				030D004F1BC5F96C00D5756A /* Debug */,
				030D00501BC5F96C00D5756A /* Release */,
			);
			defaultConfigurationIsVisible = 0;
			defaultConfigurationName = Release;
		};
		030D00511BC5F96C00D5756A /* Build configuration list for PBXNativeTarget "StrifeUITests" */ = {
			isa = XCConfigurationList;
			buildConfigurations = (
				030D00521BC5F96C00D5756A /* Debug */,
				030D00531BC5F96C00D5756A /* Release */,
			);
			defaultConfigurationIsVisible = 0;
			defaultConfigurationName = Release;
		};
/* End XCConfigurationList section */
	};
	rootObject = 030D00171BC5F96C00D5756A /* Project object */;
}
